
Microsoft Visual Studio Solution File, Format Version 12.00
# Visual Studio 14
VisualStudioVersion = 14.0.25123.0
MinimumVisualStudioVersion = 10.0.40219.1
Project("{FAE04EC0-301F-11D3-BF4B-00C04F79EFBC}") = "BasicAuthentication", "BasicAuthentication\BasicAuthentication.csproj", "{079B15F4-4249-4866-A955-AF5B36E4A497}"
EndProject
Project("{2150E333-8FDC-42A3-9474-1A3956D46DE8}") = "Solution Items", "Solution Items", "{6E13F8A9-1768-4DEE-9F70-D4EB4269D05A}"
	ProjectSection(SolutionItems) = preProject
		README.md = README.md
	EndProjectSection
EndProject
Project("{FAE04EC0-301F-11D3-BF4B-00C04F79EFBC}") = "DigestAuthentication", "DigestAuthentication\DigestAuthentication.csproj", "{F9BFA2EC-F7EE-4005-A628-06C5DD14DA88}"
EndProject
Project("{FAE04EC0-301F-11D3-BF4B-00C04F79EFBC}") = "RoleBasedAuthorization", "RoleBasedAuthorization\RoleBasedAuthorization.csproj", "{B7E1D5C2-093E-4A4D-834E-4036892699E9}"
EndProject
Project("{FAE04EC0-301F-11D3-BF4B-00C04F79EFBC}") = "ClaimsBasedAuthorization", "ClaimsBasedAuthorization\ClaimsBasedAuthorization.csproj", "{86868BC5-8CCB-42CB-8570-74F65E31815A}"
EndProject
Global
	GlobalSection(SolutionConfigurationPlatforms) = preSolution
		Debug|Any CPU = Debug|Any CPU
		Release|Any CPU = Release|Any CPU
	EndGlobalSection
	GlobalSection(ProjectConfigurationPlatforms) = postSolution
		{079B15F4-4249-4866-A955-AF5B36E4A497}.Debug|Any CPU.ActiveCfg = Debug|Any CPU
		{079B15F4-4249-4866-A955-AF5B36E4A497}.Debug|Any CPU.Build.0 = Debug|Any CPU
		{079B15F4-4249-4866-A955-AF5B36E4A497}.Release|Any CPU.ActiveCfg = Release|Any CPU
		{079B15F4-4249-4866-A955-AF5B36E4A497}.Release|Any CPU.Build.0 = Release|Any CPU
		{F9BFA2EC-F7EE-4005-A628-06C5DD14DA88}.Debug|Any CPU.ActiveCfg = Debug|Any CPU
		{F9BFA2EC-F7EE-4005-A628-06C5DD14DA88}.Debug|Any CPU.Build.0 = Debug|Any CPU
		{F9BFA2EC-F7EE-4005-A628-06C5DD14DA88}.Release|Any CPU.ActiveCfg = Release|Any CPU
		{F9BFA2EC-F7EE-4005-A628-06C5DD14DA88}.Release|Any CPU.Build.0 = Release|Any CPU
		{B7E1D5C2-093E-4A4D-834E-4036892699E9}.Debug|Any CPU.ActiveCfg = Debug|Any CPU
		{B7E1D5C2-093E-4A4D-834E-4036892699E9}.Debug|Any CPU.Build.0 = Debug|Any CPU
		{B7E1D5C2-093E-4A4D-834E-4036892699E9}.Release|Any CPU.ActiveCfg = Release|Any CPU
		{B7E1D5C2-093E-4A4D-834E-4036892699E9}.Release|Any CPU.Build.0 = Release|Any CPU
		{86868BC5-8CCB-42CB-8570-74F65E31815A}.Debug|Any CPU.ActiveCfg = Debug|Any CPU
		{86868BC5-8CCB-42CB-8570-74F65E31815A}.Debug|Any CPU.Build.0 = Debug|Any CPU
		{86868BC5-8CCB-42CB-8570-74F65E31815A}.Release|Any CPU.ActiveCfg = Release|Any CPU
		{86868BC5-8CCB-42CB-8570-74F65E31815A}.Release|Any CPU.Build.0 = Release|Any CPU
	EndGlobalSection
	GlobalSection(SolutionProperties) = preSolution
		HideSolutionNode = FALSE
	EndGlobalSection
EndGlobal
